// !$*UTF8*$!
{
	archiveVersion = 1;
	classes = {
	};
	objectVersion = 56;
	objects = {

/* Begin PBXBuildFile section */
		0D25FF8B28F998C4001B7682 /* AlbertosApp.swift in Sources */ = {isa = PBXBuildFile; fileRef = 0D25FF8A28F998C4001B7682 /* AlbertosApp.swift */; };
		0D25FF8F28F998C6001B7682 /* Assets.xcassets in Resources */ = {isa = PBXBuildFile; fileRef = 0D25FF8E28F998C6001B7682 /* Assets.xcassets */; };
		0D25FF9228F998C6001B7682 /* Preview Assets.xcassets in Resources */ = {isa = PBXBuildFile; fileRef = 0D25FF9128F998C6001B7682 /* Preview Assets.xcassets */; };
		0D25FFA628F998C6001B7682 /* AlbertosUITests.swift in Sources */ = {isa = PBXBuildFile; fileRef = 0D25FFA528F998C6001B7682 /* AlbertosUITests.swift */; };
		0D25FFA828F998C6001B7682 /* AlbertosUITestsLaunchTests.swift in Sources */ = {isa = PBXBuildFile; fileRef = 0D25FFA728F998C6001B7682 /* AlbertosUITestsLaunchTests.swift */; };
		0D25FFB628F9998E001B7682 /* AlbertosCore.framework in Frameworks */ = {isa = PBXBuildFile; fileRef = 0D25FFB528F9998E001B7682 /* AlbertosCore.framework */; };
		0D25FFB728F9998E001B7682 /* AlbertosCore.framework in Embed Frameworks */ = {isa = PBXBuildFile; fileRef = 0D25FFB528F9998E001B7682 /* AlbertosCore.framework */; settings = {ATTRIBUTES = (CodeSignOnCopy, RemoveHeadersOnCopy, ); }; };
		0D25FFBC28F99A36001B7682 /* MenuList.swift in Sources */ = {isa = PBXBuildFile; fileRef = 0D25FFBB28F99A36001B7682 /* MenuList.swift */; };
		0D25FFC128F9B0BB001B7682 /* MenuRow.swift in Sources */ = {isa = PBXBuildFile; fileRef = 0D25FFC028F9B0BB001B7682 /* MenuRow.swift */; };
		0D25FFD028FA0713001B7682 /* MenuFetchingPlaceholder.swift in Sources */ = {isa = PBXBuildFile; fileRef = 0D25FFCF28FA0713001B7682 /* MenuFetchingPlaceholder.swift */; };
		0D46FCF929156B7B005FFA0D /* HippoAnalyticsClient+EventLogging.swift in Sources */ = {isa = PBXBuildFile; fileRef = 0D46FCF829156B7B005FFA0D /* HippoAnalyticsClient+EventLogging.swift */; };
		0D4AF23928FD9DDE00605367 /* DataModel.swift in Sources */ = {isa = PBXBuildFile; fileRef = 0D4AF23828FD9DDE00605367 /* DataModel.swift */; };
		0D4AF24E28FDA9A800605367 /* MenuRowViewModelTests.swift in Sources */ = {isa = PBXBuildFile; fileRef = 0D4AF24828FDA9A800605367 /* MenuRowViewModelTests.swift */; };
		0D4AF24F28FDA9A800605367 /* MenuListViewModelTests.swift in Sources */ = {isa = PBXBuildFile; fileRef = 0D4AF24928FDA9A800605367 /* MenuListViewModelTests.swift */; };
		0D4AF25128FDA9A800605367 /* Menu+Fixture.swift in Sources */ = {isa = PBXBuildFile; fileRef = 0D4AF24D28FDA9A800605367 /* Menu+Fixture.swift */; };
		0D4AF25428FDAA0300605367 /* MenuItemDetailViewModelTests.swift in Sources */ = {isa = PBXBuildFile; fileRef = 0D4AF25328FDAA0300605367 /* MenuItemDetailViewModelTests.swift */; };
		0D4AF25E28FDACE200605367 /* MenuItemDetail.swift in Sources */ = {isa = PBXBuildFile; fileRef = 0D4AF25D28FDACE200605367 /* MenuItemDetail.swift */; };
		0D4AF26428FE9ACC00605367 /* MenuItemDetail+ViewModel.swift in Sources */ = {isa = PBXBuildFile; fileRef = 0D4AF26328FE9ACC00605367 /* MenuItemDetail+ViewModel.swift */; };
		0D4AF26728FE9C6200605367 /* MenuRow+ViewModel.swift in Sources */ = {isa = PBXBuildFile; fileRef = 0D4AF26628FE9C6200605367 /* MenuRow+ViewModel.swift */; };
		0D4AF26928FE9C9200605367 /* MenuList+ViewModel.swift in Sources */ = {isa = PBXBuildFile; fileRef = 0D4AF26828FE9C9200605367 /* MenuList+ViewModel.swift */; };
		0D4AF27328FEA9CD00605367 /* OrderButton.swift in Sources */ = {isa = PBXBuildFile; fileRef = 0D4AF27228FEA9CD00605367 /* OrderButton.swift */; };
		0D4AF27728FEB25300605367 /* OrderDetail.swift in Sources */ = {isa = PBXBuildFile; fileRef = 0D4AF27628FEB25300605367 /* OrderDetail.swift */; };
		0D4AF27B28FEB72800605367 /* OrderButtonViewModelTests.swift in Sources */ = {isa = PBXBuildFile; fileRef = 0D4AF27A28FEB72800605367 /* OrderButtonViewModelTests.swift */; };
		0D4AF27D28FEBC9800605367 /* XCTestCase+MemoryLeaksTracking.swift in Sources */ = {isa = PBXBuildFile; fileRef = 0D4AF27C28FEBC9800605367 /* XCTestCase+MemoryLeaksTracking.swift */; };
		0D4AF28128FEBFAD00605367 /* OrderDetailViewModelTests.swift in Sources */ = {isa = PBXBuildFile; fileRef = 0D4AF28028FEBFAD00605367 /* OrderDetailViewModelTests.swift */; };
		0DBAECB02901928E00849FC2 /* UIViewController+Snapshot.swift in Sources */ = {isa = PBXBuildFile; fileRef = 0DBAECAF2901928E00849FC2 /* UIViewController+Snapshot.swift */; };
		0DBAECB3290193D100849FC2 /* MenuListSnapshotTests.swift in Sources */ = {isa = PBXBuildFile; fileRef = 0DBAECB2290193D100849FC2 /* MenuListSnapshotTests.swift */; };
		0DBAECB52901960900849FC2 /* XCTestCase+Snapshot.swift in Sources */ = {isa = PBXBuildFile; fileRef = 0DBAECB42901960900849FC2 /* XCTestCase+Snapshot.swift */; };
		0DBAECC12901AC7300849FC2 /* IMAGE_MENU_LIST_WITH_ITEMS_light.png in Resources */ = {isa = PBXBuildFile; fileRef = 0DBAECBE2901AC7300849FC2 /* IMAGE_MENU_LIST_WITH_ITEMS_light.png */; };
		0DBAECC22901AC7300849FC2 /* IMAGE_MENU_LIST_WITH_ITEMS_dark.png in Resources */ = {isa = PBXBuildFile; fileRef = 0DBAECBF2901AC7300849FC2 /* IMAGE_MENU_LIST_WITH_ITEMS_dark.png */; };
		0DBAECC32901AC7300849FC2 /* IMAGE_MENU_LIST_WITH_ITEMS_extraExtraExtraLarge.png in Resources */ = {isa = PBXBuildFile; fileRef = 0DBAECC02901AC7300849FC2 /* IMAGE_MENU_LIST_WITH_ITEMS_extraExtraExtraLarge.png */; };
		0DBAECC72901C05700849FC2 /* IMAGE_MENU_LIST_WITH_CONNECTIVITY_ERROR_dark.png in Resources */ = {isa = PBXBuildFile; fileRef = 0DBAECC42901C05600849FC2 /* IMAGE_MENU_LIST_WITH_CONNECTIVITY_ERROR_dark.png */; };
		0DBAECC82901C05700849FC2 /* IMAGE_MENU_LIST_WITH_CONNECTIVITY_ERROR_extraExtraExtraLarge.png in Resources */ = {isa = PBXBuildFile; fileRef = 0DBAECC52901C05600849FC2 /* IMAGE_MENU_LIST_WITH_CONNECTIVITY_ERROR_extraExtraExtraLarge.png */; };
		0DBAECC92901C05700849FC2 /* IMAGE_MENU_LIST_WITH_CONNECTIVITY_ERROR_light.png in Resources */ = {isa = PBXBuildFile; fileRef = 0DBAECC62901C05700849FC2 /* IMAGE_MENU_LIST_WITH_CONNECTIVITY_ERROR_light.png */; };
		0DBAECCC2901C61A00849FC2 /* MenuItemDetailSnapshotTests.swift in Sources */ = {isa = PBXBuildFile; fileRef = 0DBAECCB2901C61A00849FC2 /* MenuItemDetailSnapshotTests.swift */; };
		0DBAECD42901CB3F00849FC2 /* IMAGE_MENU_DETAIL_WITH_ITEM_dark.png in Resources */ = {isa = PBXBuildFile; fileRef = 0DBAECCE2901CB3E00849FC2 /* IMAGE_MENU_DETAIL_WITH_ITEM_dark.png */; };
		0DBAECD52901CB3F00849FC2 /* IMAGE_MENU_DETAIL_WITH_SPICY_ITEM_dark.png in Resources */ = {isa = PBXBuildFile; fileRef = 0DBAECCF2901CB3E00849FC2 /* IMAGE_MENU_DETAIL_WITH_SPICY_ITEM_dark.png */; };
		0DBAECD62901CB3F00849FC2 /* IMAGE_MENU_DETAIL_WITH_SPICY_ITEM_light.png in Resources */ = {isa = PBXBuildFile; fileRef = 0DBAECD02901CB3E00849FC2 /* IMAGE_MENU_DETAIL_WITH_SPICY_ITEM_light.png */; };
		0DBAECD72901CB3F00849FC2 /* IMAGE_MENU_DETAIL_WITH_SPICY_ITEM_extraExtraExtraLarge.png in Resources */ = {isa = PBXBuildFile; fileRef = 0DBAECD12901CB3E00849FC2 /* IMAGE_MENU_DETAIL_WITH_SPICY_ITEM_extraExtraExtraLarge.png */; };
		0DBAECD82901CB3F00849FC2 /* IMAGE_MENU_DETAIL_WITH_ITEM_extraExtraExtraLarge.png in Resources */ = {isa = PBXBuildFile; fileRef = 0DBAECD22901CB3E00849FC2 /* IMAGE_MENU_DETAIL_WITH_ITEM_extraExtraExtraLarge.png */; };
		0DBAECD92901CB3F00849FC2 /* IMAGE_MENU_DETAIL_WITH_ITEM_light.png in Resources */ = {isa = PBXBuildFile; fileRef = 0DBAECD32901CB3E00849FC2 /* IMAGE_MENU_DETAIL_WITH_ITEM_light.png */; };
		0DBAECDC2901CE2200849FC2 /* OrderDetailSnapshotTests.swift in Sources */ = {isa = PBXBuildFile; fileRef = 0DBAECDB2901CE2200849FC2 /* OrderDetailSnapshotTests.swift */; };
		0DBAECE12901D04100849FC2 /* IMAGE_ORDER_DETAIL_WITH_NO_ITEMS_extraExtraExtraLarge.png in Resources */ = {isa = PBXBuildFile; fileRef = 0DBAECDE2901D04000849FC2 /* IMAGE_ORDER_DETAIL_WITH_NO_ITEMS_extraExtraExtraLarge.png */; };
		0DBAECE22901D04100849FC2 /* IMAGE_ORDER_DETAIL_WITH_NO_ITEMS_light.png in Resources */ = {isa = PBXBuildFile; fileRef = 0DBAECDF2901D04000849FC2 /* IMAGE_ORDER_DETAIL_WITH_NO_ITEMS_light.png */; };
		0DBAECE32901D04100849FC2 /* IMAGE_ORDER_DETAIL_WITH_NO_ITEMS_dark.png in Resources */ = {isa = PBXBuildFile; fileRef = 0DBAECE02901D04000849FC2 /* IMAGE_ORDER_DETAIL_WITH_NO_ITEMS_dark.png */; };
		0DBAECE72901D39C00849FC2 /* IMAGE_ORDER_DETAIL_WITH_ITEMS_extraExtraExtraLarge.png in Resources */ = {isa = PBXBuildFile; fileRef = 0DBAECE42901D39C00849FC2 /* IMAGE_ORDER_DETAIL_WITH_ITEMS_extraExtraExtraLarge.png */; };
		0DBAECE82901D39C00849FC2 /* IMAGE_ORDER_DETAIL_WITH_ITEMS_dark.png in Resources */ = {isa = PBXBuildFile; fileRef = 0DBAECE52901D39C00849FC2 /* IMAGE_ORDER_DETAIL_WITH_ITEMS_dark.png */; };
		0DBAECE92901D39C00849FC2 /* IMAGE_ORDER_DETAIL_WITH_ITEMS_light.png in Resources */ = {isa = PBXBuildFile; fileRef = 0DBAECE62901D39C00849FC2 /* IMAGE_ORDER_DETAIL_WITH_ITEMS_light.png */; };
		0DC7C51028FEF5400072C5DB /* OrderDetail+ViewModel.swift in Sources */ = {isa = PBXBuildFile; fileRef = 0DC7C50F28FEF5400072C5DB /* OrderDetail+ViewModel.swift */; };
		0DC7C51328FEF9B50072C5DB /* PaymentProcessing.swift in Sources */ = {isa = PBXBuildFile; fileRef = 0DC7C51228FEF9B40072C5DB /* PaymentProcessing.swift */; };
		0DC7C51528FEFA760072C5DB /* HippoPaymentsProcessor+PaymentProcessing.swift in Sources */ = {isa = PBXBuildFile; fileRef = 0DC7C51428FEFA760072C5DB /* HippoPaymentsProcessor+PaymentProcessing.swift */; };
		0DC7C51A28FF16B70072C5DB /* OrderButton+ViewModel.swift in Sources */ = {isa = PBXBuildFile; fileRef = 0DC7C51928FF16B70072C5DB /* OrderButton+ViewModel.swift */; };
		0DC7C51C28FF1B060072C5DB /* PaymentProcessingProxy.swift in Sources */ = {isa = PBXBuildFile; fileRef = 0DC7C51B28FF1B060072C5DB /* PaymentProcessingProxy.swift */; };
		0DC7C51E28FF1DFB0072C5DB /* HippoPayments.framework in Frameworks */ = {isa = PBXBuildFile; fileRef = 0DC7C51D28FF1DFB0072C5DB /* HippoPayments.framework */; };
		0DC7C51F28FF1DFB0072C5DB /* HippoPayments.framework in Embed Frameworks */ = {isa = PBXBuildFile; fileRef = 0DC7C51D28FF1DFB0072C5DB /* HippoPayments.framework */; settings = {ATTRIBUTES = (CodeSignOnCopy, RemoveHeadersOnCopy, ); }; };
		0DC7C53A28FF307A0072C5DB /* HippoAnalytics.framework in Frameworks */ = {isa = PBXBuildFile; fileRef = 0DC7C53928FF307A0072C5DB /* HippoAnalytics.framework */; };
		0DC7C53B28FF307A0072C5DB /* HippoAnalytics.framework in Embed Frameworks */ = {isa = PBXBuildFile; fileRef = 0DC7C53928FF307A0072C5DB /* HippoAnalytics.framework */; settings = {ATTRIBUTES = (CodeSignOnCopy, RemoveHeadersOnCopy, ); }; };
		0DC7C54028FF379C0072C5DB /* Alert+ViewModel.swift in Sources */ = {isa = PBXBuildFile; fileRef = 0DC7C53F28FF379C0072C5DB /* Alert+ViewModel.swift */; };
		0DC7C54228FF3BB80072C5DB /* SharedHelpers.swift in Sources */ = {isa = PBXBuildFile; fileRef = 0DC7C54128FF3BB80072C5DB /* SharedHelpers.swift */; };
		0DC7C54A290023AC0072C5DB /* OrderStoringFake.swift in Sources */ = {isa = PBXBuildFile; fileRef = 0DC7C549290023AC0072C5DB /* OrderStoringFake.swift */; };
		0DC7C54D29009E460072C5DB /* AlbertosButtonStyle.swift in Sources */ = {isa = PBXBuildFile; fileRef = 0DC7C54C29009E450072C5DB /* AlbertosButtonStyle.swift */; };
/* End PBXBuildFile section */

/* Begin PBXContainerItemProxy section */
		0D25FF9828F998C6001B7682 /* PBXContainerItemProxy */ = {
			isa = PBXContainerItemProxy;
			containerPortal = 0D25FF7F28F998C4001B7682 /* Project object */;
			proxyType = 1;
			remoteGlobalIDString = 0D25FF8628F998C4001B7682;
			remoteInfo = Albertos;
		};
		0D25FFA228F998C6001B7682 /* PBXContainerItemProxy */ = {
			isa = PBXContainerItemProxy;
			containerPortal = 0D25FF7F28F998C4001B7682 /* Project object */;
			proxyType = 1;
			remoteGlobalIDString = 0D25FF8628F998C4001B7682;
			remoteInfo = Albertos;
		};
/* End PBXContainerItemProxy section */

/* Begin PBXCopyFilesBuildPhase section */
		0D25FFB828F9998E001B7682 /* Embed Frameworks */ = {
			isa = PBXCopyFilesBuildPhase;
			buildActionMask = 2147483647;
			dstPath = "";
			dstSubfolderSpec = 10;
			files = (
				0DC7C51F28FF1DFB0072C5DB /* HippoPayments.framework in Embed Frameworks */,
				0D25FFB728F9998E001B7682 /* AlbertosCore.framework in Embed Frameworks */,
				0DC7C53B28FF307A0072C5DB /* HippoAnalytics.framework in Embed Frameworks */,
			);
			name = "Embed Frameworks";
			runOnlyForDeploymentPostprocessing = 0;
		};
/* End PBXCopyFilesBuildPhase section */

/* Begin PBXFileReference section */
		0D25FF8728F998C4001B7682 /* Albertos.app */ = {isa = PBXFileReference; explicitFileType = wrapper.application; includeInIndex = 0; path = Albertos.app; sourceTree = BUILT_PRODUCTS_DIR; };
		0D25FF8A28F998C4001B7682 /* AlbertosApp.swift */ = {isa = PBXFileReference; lastKnownFileType = sourcecode.swift; path = AlbertosApp.swift; sourceTree = "<group>"; };
		0D25FF8E28F998C6001B7682 /* Assets.xcassets */ = {isa = PBXFileReference; lastKnownFileType = folder.assetcatalog; path = Assets.xcassets; sourceTree = "<group>"; };
		0D25FF9128F998C6001B7682 /* Preview Assets.xcassets */ = {isa = PBXFileReference; lastKnownFileType = folder.assetcatalog; path = "Preview Assets.xcassets"; sourceTree = "<group>"; };
		0D25FF9728F998C6001B7682 /* AlbertosTests.xctest */ = {isa = PBXFileReference; explicitFileType = wrapper.cfbundle; includeInIndex = 0; path = AlbertosTests.xctest; sourceTree = BUILT_PRODUCTS_DIR; };
		0D25FFA128F998C6001B7682 /* AlbertosUITests.xctest */ = {isa = PBXFileReference; explicitFileType = wrapper.cfbundle; includeInIndex = 0; path = AlbertosUITests.xctest; sourceTree = BUILT_PRODUCTS_DIR; };
		0D25FFA528F998C6001B7682 /* AlbertosUITests.swift */ = {isa = PBXFileReference; lastKnownFileType = sourcecode.swift; path = AlbertosUITests.swift; sourceTree = "<group>"; };
		0D25FFA728F998C6001B7682 /* AlbertosUITestsLaunchTests.swift */ = {isa = PBXFileReference; lastKnownFileType = sourcecode.swift; path = AlbertosUITestsLaunchTests.swift; sourceTree = "<group>"; };
		0D25FFB528F9998E001B7682 /* AlbertosCore.framework */ = {isa = PBXFileReference; explicitFileType = wrapper.framework; path = AlbertosCore.framework; sourceTree = BUILT_PRODUCTS_DIR; };
		0D25FFBB28F99A36001B7682 /* MenuList.swift */ = {isa = PBXFileReference; lastKnownFileType = sourcecode.swift; path = MenuList.swift; sourceTree = "<group>"; };
		0D25FFC028F9B0BB001B7682 /* MenuRow.swift */ = {isa = PBXFileReference; lastKnownFileType = sourcecode.swift; path = MenuRow.swift; sourceTree = "<group>"; };
		0D25FFCF28FA0713001B7682 /* MenuFetchingPlaceholder.swift */ = {isa = PBXFileReference; lastKnownFileType = sourcecode.swift; path = MenuFetchingPlaceholder.swift; sourceTree = "<group>"; };
		0D46FCF829156B7B005FFA0D /* HippoAnalyticsClient+EventLogging.swift */ = {isa = PBXFileReference; lastKnownFileType = sourcecode.swift; path = "HippoAnalyticsClient+EventLogging.swift"; sourceTree = "<group>"; };
		0D4AF23828FD9DDE00605367 /* DataModel.swift */ = {isa = PBXFileReference; lastKnownFileType = sourcecode.swift; path = DataModel.swift; sourceTree = "<group>"; };
		0D4AF24828FDA9A800605367 /* MenuRowViewModelTests.swift */ = {isa = PBXFileReference; fileEncoding = 4; lastKnownFileType = sourcecode.swift; path = MenuRowViewModelTests.swift; sourceTree = "<group>"; };
		0D4AF24928FDA9A800605367 /* MenuListViewModelTests.swift */ = {isa = PBXFileReference; fileEncoding = 4; lastKnownFileType = sourcecode.swift; path = MenuListViewModelTests.swift; sourceTree = "<group>"; };
		0D4AF24D28FDA9A800605367 /* Menu+Fixture.swift */ = {isa = PBXFileReference; fileEncoding = 4; lastKnownFileType = sourcecode.swift; path = "Menu+Fixture.swift"; sourceTree = "<group>"; };
		0D4AF25328FDAA0300605367 /* MenuItemDetailViewModelTests.swift */ = {isa = PBXFileReference; lastKnownFileType = sourcecode.swift; path = MenuItemDetailViewModelTests.swift; sourceTree = "<group>"; };
		0D4AF25D28FDACE200605367 /* MenuItemDetail.swift */ = {isa = PBXFileReference; lastKnownFileType = sourcecode.swift; path = MenuItemDetail.swift; sourceTree = "<group>"; };
		0D4AF26328FE9ACC00605367 /* MenuItemDetail+ViewModel.swift */ = {isa = PBXFileReference; lastKnownFileType = sourcecode.swift; path = "MenuItemDetail+ViewModel.swift"; sourceTree = "<group>"; };
		0D4AF26628FE9C6200605367 /* MenuRow+ViewModel.swift */ = {isa = PBXFileReference; lastKnownFileType = sourcecode.swift; path = "MenuRow+ViewModel.swift"; sourceTree = "<group>"; };
		0D4AF26828FE9C9200605367 /* MenuList+ViewModel.swift */ = {isa = PBXFileReference; lastKnownFileType = sourcecode.swift; path = "MenuList+ViewModel.swift"; sourceTree = "<group>"; };
		0D4AF27228FEA9CD00605367 /* OrderButton.swift */ = {isa = PBXFileReference; lastKnownFileType = sourcecode.swift; path = OrderButton.swift; sourceTree = "<group>"; };
		0D4AF27628FEB25300605367 /* OrderDetail.swift */ = {isa = PBXFileReference; lastKnownFileType = sourcecode.swift; path = OrderDetail.swift; sourceTree = "<group>"; };
		0D4AF27A28FEB72800605367 /* OrderButtonViewModelTests.swift */ = {isa = PBXFileReference; lastKnownFileType = sourcecode.swift; path = OrderButtonViewModelTests.swift; sourceTree = "<group>"; };
		0D4AF27C28FEBC9800605367 /* XCTestCase+MemoryLeaksTracking.swift */ = {isa = PBXFileReference; lastKnownFileType = sourcecode.swift; path = "XCTestCase+MemoryLeaksTracking.swift"; sourceTree = "<group>"; };
		0D4AF28028FEBFAD00605367 /* OrderDetailViewModelTests.swift */ = {isa = PBXFileReference; lastKnownFileType = sourcecode.swift; path = OrderDetailViewModelTests.swift; sourceTree = "<group>"; };
		0DBAECAF2901928E00849FC2 /* UIViewController+Snapshot.swift */ = {isa = PBXFileReference; lastKnownFileType = sourcecode.swift; path = "UIViewController+Snapshot.swift"; sourceTree = "<group>"; };
		0DBAECB2290193D100849FC2 /* MenuListSnapshotTests.swift */ = {isa = PBXFileReference; lastKnownFileType = sourcecode.swift; path = MenuListSnapshotTests.swift; sourceTree = "<group>"; };
		0DBAECB42901960900849FC2 /* XCTestCase+Snapshot.swift */ = {isa = PBXFileReference; lastKnownFileType = sourcecode.swift; path = "XCTestCase+Snapshot.swift"; sourceTree = "<group>"; };
		0DBAECBE2901AC7300849FC2 /* IMAGE_MENU_LIST_WITH_ITEMS_light.png */ = {isa = PBXFileReference; lastKnownFileType = image.png; path = IMAGE_MENU_LIST_WITH_ITEMS_light.png; sourceTree = "<group>"; };
		0DBAECBF2901AC7300849FC2 /* IMAGE_MENU_LIST_WITH_ITEMS_dark.png */ = {isa = PBXFileReference; lastKnownFileType = image.png; path = IMAGE_MENU_LIST_WITH_ITEMS_dark.png; sourceTree = "<group>"; };
		0DBAECC02901AC7300849FC2 /* IMAGE_MENU_LIST_WITH_ITEMS_extraExtraExtraLarge.png */ = {isa = PBXFileReference; lastKnownFileType = image.png; path = IMAGE_MENU_LIST_WITH_ITEMS_extraExtraExtraLarge.png; sourceTree = "<group>"; };
		0DBAECC42901C05600849FC2 /* IMAGE_MENU_LIST_WITH_CONNECTIVITY_ERROR_dark.png */ = {isa = PBXFileReference; lastKnownFileType = image.png; path = IMAGE_MENU_LIST_WITH_CONNECTIVITY_ERROR_dark.png; sourceTree = "<group>"; };
		0DBAECC52901C05600849FC2 /* IMAGE_MENU_LIST_WITH_CONNECTIVITY_ERROR_extraExtraExtraLarge.png */ = {isa = PBXFileReference; lastKnownFileType = image.png; path = IMAGE_MENU_LIST_WITH_CONNECTIVITY_ERROR_extraExtraExtraLarge.png; sourceTree = "<group>"; };
		0DBAECC62901C05700849FC2 /* IMAGE_MENU_LIST_WITH_CONNECTIVITY_ERROR_light.png */ = {isa = PBXFileReference; lastKnownFileType = image.png; path = IMAGE_MENU_LIST_WITH_CONNECTIVITY_ERROR_light.png; sourceTree = "<group>"; };
		0DBAECCB2901C61A00849FC2 /* MenuItemDetailSnapshotTests.swift */ = {isa = PBXFileReference; lastKnownFileType = sourcecode.swift; path = MenuItemDetailSnapshotTests.swift; sourceTree = "<group>"; };
		0DBAECCE2901CB3E00849FC2 /* IMAGE_MENU_DETAIL_WITH_ITEM_dark.png */ = {isa = PBXFileReference; lastKnownFileType = image.png; path = IMAGE_MENU_DETAIL_WITH_ITEM_dark.png; sourceTree = "<group>"; };
		0DBAECCF2901CB3E00849FC2 /* IMAGE_MENU_DETAIL_WITH_SPICY_ITEM_dark.png */ = {isa = PBXFileReference; lastKnownFileType = image.png; path = IMAGE_MENU_DETAIL_WITH_SPICY_ITEM_dark.png; sourceTree = "<group>"; };
		0DBAECD02901CB3E00849FC2 /* IMAGE_MENU_DETAIL_WITH_SPICY_ITEM_light.png */ = {isa = PBXFileReference; lastKnownFileType = image.png; path = IMAGE_MENU_DETAIL_WITH_SPICY_ITEM_light.png; sourceTree = "<group>"; };
		0DBAECD12901CB3E00849FC2 /* IMAGE_MENU_DETAIL_WITH_SPICY_ITEM_extraExtraExtraLarge.png */ = {isa = PBXFileReference; lastKnownFileType = image.png; path = IMAGE_MENU_DETAIL_WITH_SPICY_ITEM_extraExtraExtraLarge.png; sourceTree = "<group>"; };
		0DBAECD22901CB3E00849FC2 /* IMAGE_MENU_DETAIL_WITH_ITEM_extraExtraExtraLarge.png */ = {isa = PBXFileReference; lastKnownFileType = image.png; path = IMAGE_MENU_DETAIL_WITH_ITEM_extraExtraExtraLarge.png; sourceTree = "<group>"; };
		0DBAECD32901CB3E00849FC2 /* IMAGE_MENU_DETAIL_WITH_ITEM_light.png */ = {isa = PBXFileReference; lastKnownFileType = image.png; path = IMAGE_MENU_DETAIL_WITH_ITEM_light.png; sourceTree = "<group>"; };
		0DBAECDB2901CE2200849FC2 /* OrderDetailSnapshotTests.swift */ = {isa = PBXFileReference; lastKnownFileType = sourcecode.swift; path = OrderDetailSnapshotTests.swift; sourceTree = "<group>"; };
		0DBAECDE2901D04000849FC2 /* IMAGE_ORDER_DETAIL_WITH_NO_ITEMS_extraExtraExtraLarge.png */ = {isa = PBXFileReference; lastKnownFileType = image.png; path = IMAGE_ORDER_DETAIL_WITH_NO_ITEMS_extraExtraExtraLarge.png; sourceTree = "<group>"; };
		0DBAECDF2901D04000849FC2 /* IMAGE_ORDER_DETAIL_WITH_NO_ITEMS_light.png */ = {isa = PBXFileReference; lastKnownFileType = image.png; path = IMAGE_ORDER_DETAIL_WITH_NO_ITEMS_light.png; sourceTree = "<group>"; };
		0DBAECE02901D04000849FC2 /* IMAGE_ORDER_DETAIL_WITH_NO_ITEMS_dark.png */ = {isa = PBXFileReference; lastKnownFileType = image.png; path = IMAGE_ORDER_DETAIL_WITH_NO_ITEMS_dark.png; sourceTree = "<group>"; };
		0DBAECE42901D39C00849FC2 /* IMAGE_ORDER_DETAIL_WITH_ITEMS_extraExtraExtraLarge.png */ = {isa = PBXFileReference; lastKnownFileType = image.png; path = IMAGE_ORDER_DETAIL_WITH_ITEMS_extraExtraExtraLarge.png; sourceTree = "<group>"; };
		0DBAECE52901D39C00849FC2 /* IMAGE_ORDER_DETAIL_WITH_ITEMS_dark.png */ = {isa = PBXFileReference; lastKnownFileType = image.png; path = IMAGE_ORDER_DETAIL_WITH_ITEMS_dark.png; sourceTree = "<group>"; };
		0DBAECE62901D39C00849FC2 /* IMAGE_ORDER_DETAIL_WITH_ITEMS_light.png */ = {isa = PBXFileReference; lastKnownFileType = image.png; path = IMAGE_ORDER_DETAIL_WITH_ITEMS_light.png; sourceTree = "<group>"; };
		0DC7C50F28FEF5400072C5DB /* OrderDetail+ViewModel.swift */ = {isa = PBXFileReference; lastKnownFileType = sourcecode.swift; path = "OrderDetail+ViewModel.swift"; sourceTree = "<group>"; };
		0DC7C51228FEF9B40072C5DB /* PaymentProcessing.swift */ = {isa = PBXFileReference; lastKnownFileType = sourcecode.swift; path = PaymentProcessing.swift; sourceTree = "<group>"; };
		0DC7C51428FEFA760072C5DB /* HippoPaymentsProcessor+PaymentProcessing.swift */ = {isa = PBXFileReference; lastKnownFileType = sourcecode.swift; path = "HippoPaymentsProcessor+PaymentProcessing.swift"; sourceTree = "<group>"; };
		0DC7C51928FF16B70072C5DB /* OrderButton+ViewModel.swift */ = {isa = PBXFileReference; lastKnownFileType = sourcecode.swift; path = "OrderButton+ViewModel.swift"; sourceTree = "<group>"; };
		0DC7C51B28FF1B060072C5DB /* PaymentProcessingProxy.swift */ = {isa = PBXFileReference; lastKnownFileType = sourcecode.swift; path = PaymentProcessingProxy.swift; sourceTree = "<group>"; };
		0DC7C51D28FF1DFB0072C5DB /* HippoPayments.framework */ = {isa = PBXFileReference; explicitFileType = wrapper.framework; path = HippoPayments.framework; sourceTree = BUILT_PRODUCTS_DIR; };
		0DC7C53928FF307A0072C5DB /* HippoAnalytics.framework */ = {isa = PBXFileReference; explicitFileType = wrapper.framework; path = HippoAnalytics.framework; sourceTree = BUILT_PRODUCTS_DIR; };
		0DC7C53F28FF379C0072C5DB /* Alert+ViewModel.swift */ = {isa = PBXFileReference; lastKnownFileType = sourcecode.swift; path = "Alert+ViewModel.swift"; sourceTree = "<group>"; };
		0DC7C54128FF3BB80072C5DB /* SharedHelpers.swift */ = {isa = PBXFileReference; lastKnownFileType = sourcecode.swift; path = SharedHelpers.swift; sourceTree = "<group>"; };
		0DC7C549290023AC0072C5DB /* OrderStoringFake.swift */ = {isa = PBXFileReference; lastKnownFileType = sourcecode.swift; path = OrderStoringFake.swift; sourceTree = "<group>"; };
		0DC7C54C29009E450072C5DB /* AlbertosButtonStyle.swift */ = {isa = PBXFileReference; lastKnownFileType = sourcecode.swift; path = AlbertosButtonStyle.swift; sourceTree = "<group>"; };
/* End PBXFileReference section */

/* Begin PBXFrameworksBuildPhase section */
		0D25FF8428F998C4001B7682 /* Frameworks */ = {
			isa = PBXFrameworksBuildPhase;
			buildActionMask = 2147483647;
			files = (
				0DC7C51E28FF1DFB0072C5DB /* HippoPayments.framework in Frameworks */,
				0D25FFB628F9998E001B7682 /* AlbertosCore.framework in Frameworks */,
				0DC7C53A28FF307A0072C5DB /* HippoAnalytics.framework in Frameworks */,
			);
			runOnlyForDeploymentPostprocessing = 0;
		};
		0D25FF9428F998C6001B7682 /* Frameworks */ = {
			isa = PBXFrameworksBuildPhase;
			buildActionMask = 2147483647;
			files = (
			);
			runOnlyForDeploymentPostprocessing = 0;
		};
		0D25FF9E28F998C6001B7682 /* Frameworks */ = {
			isa = PBXFrameworksBuildPhase;
			buildActionMask = 2147483647;
			files = (
			);
			runOnlyForDeploymentPostprocessing = 0;
		};
/* End PBXFrameworksBuildPhase section */

/* Begin PBXGroup section */
		0D25FF7E28F998C4001B7682 = {
			isa = PBXGroup;
			children = (
				0D25FF8928F998C4001B7682 /* Albertos */,
				0D25FF9A28F998C6001B7682 /* AlbertosTests */,
				0D25FFA428F998C6001B7682 /* AlbertosUITests */,
				0D25FF8828F998C4001B7682 /* Products */,
				0D25FFB428F9998E001B7682 /* Frameworks */,
			);
			sourceTree = "<group>";
		};
		0D25FF8828F998C4001B7682 /* Products */ = {
			isa = PBXGroup;
			children = (
				0D25FF8728F998C4001B7682 /* Albertos.app */,
				0D25FF9728F998C6001B7682 /* AlbertosTests.xctest */,
				0D25FFA128F998C6001B7682 /* AlbertosUITests.xctest */,
			);
			name = Products;
			sourceTree = "<group>";
		};
		0D25FF8928F998C4001B7682 /* Albertos */ = {
			isa = PBXGroup;
			children = (
				0D25FF8A28F998C4001B7682 /* AlbertosApp.swift */,
				0D25FFB928F999F7001B7682 /* Menu */,
				0D4AF25B28FDACB500605367 /* Menu Item Detail */,
				0D4AF27028FEA9AF00605367 /* Order */,
				0D4AF27428FEB22900605367 /* Order Detail */,
				0DC7C51128FEF8F20072C5DB /* Payment */,
				0DC7C54B29009D530072C5DB /* Resources */,
				0D25FF8E28F998C6001B7682 /* Assets.xcassets */,
				0D25FF9028F998C6001B7682 /* Preview Content */,
			);
			path = Albertos;
			sourceTree = "<group>";
		};
		0D25FF9028F998C6001B7682 /* Preview Content */ = {
			isa = PBXGroup;
			children = (
				0D4AF23828FD9DDE00605367 /* DataModel.swift */,
				0D25FFCF28FA0713001B7682 /* MenuFetchingPlaceholder.swift */,
				0D25FF9128F998C6001B7682 /* Preview Assets.xcassets */,
			);
			path = "Preview Content";
			sourceTree = "<group>";
		};
		0D25FF9A28F998C6001B7682 /* AlbertosTests */ = {
			isa = PBXGroup;
			children = (
				0D4AF24C28FDA9A800605367 /* Helpers */,
				0D4AF24628FDA9A800605367 /* Menu */,
				0D4AF25228FDA9C700605367 /* Menu Item Detail */,
				0D4AF27828FEB6FB00605367 /* Order */,
				0D4AF27E28FEBF6200605367 /* Order Detail */,
			);
			path = AlbertosTests;
			sourceTree = "<group>";
		};
		0D25FFA428F998C6001B7682 /* AlbertosUITests */ = {
			isa = PBXGroup;
			children = (
				0D25FFA528F998C6001B7682 /* AlbertosUITests.swift */,
				0D25FFA728F998C6001B7682 /* AlbertosUITestsLaunchTests.swift */,
			);
			path = AlbertosUITests;
			sourceTree = "<group>";
		};
		0D25FFB428F9998E001B7682 /* Frameworks */ = {
			isa = PBXGroup;
			children = (
				0DC7C53928FF307A0072C5DB /* HippoAnalytics.framework */,
				0DC7C51D28FF1DFB0072C5DB /* HippoPayments.framework */,
				0D25FFB528F9998E001B7682 /* AlbertosCore.framework */,
			);
			name = Frameworks;
			sourceTree = "<group>";
		};
		0D25FFB928F999F7001B7682 /* Menu */ = {
			isa = PBXGroup;
			children = (
				0D25FFBA28F99A03001B7682 /* View */,
				0D4AF26528FE9C2E00605367 /* Presentation */,
			);
			path = Menu;
			sourceTree = "<group>";
		};
		0D25FFBA28F99A03001B7682 /* View */ = {
			isa = PBXGroup;
			children = (
				0D25FFC028F9B0BB001B7682 /* MenuRow.swift */,
				0D25FFBB28F99A36001B7682 /* MenuList.swift */,
			);
			path = View;
			sourceTree = "<group>";
		};
		0D4AF24628FDA9A800605367 /* Menu */ = {
			isa = PBXGroup;
			children = (
				0DBAECB1290193A800849FC2 /* View */,
				0D4AF24728FDA9A800605367 /* Presentation */,
			);
			path = Menu;
			sourceTree = "<group>";
		};
		0D4AF24728FDA9A800605367 /* Presentation */ = {
			isa = PBXGroup;
			children = (
				0D4AF24828FDA9A800605367 /* MenuRowViewModelTests.swift */,
				0D4AF24928FDA9A800605367 /* MenuListViewModelTests.swift */,
			);
			path = Presentation;
			sourceTree = "<group>";
		};
		0D4AF24C28FDA9A800605367 /* Helpers */ = {
			isa = PBXGroup;
			children = (
				0DC7C54128FF3BB80072C5DB /* SharedHelpers.swift */,
				0D4AF24D28FDA9A800605367 /* Menu+Fixture.swift */,
				0DC7C549290023AC0072C5DB /* OrderStoringFake.swift */,
				0D4AF27C28FEBC9800605367 /* XCTestCase+MemoryLeaksTracking.swift */,
				0DBAECAF2901928E00849FC2 /* UIViewController+Snapshot.swift */,
				0DBAECB42901960900849FC2 /* XCTestCase+Snapshot.swift */,
			);
			path = Helpers;
			sourceTree = "<group>";
		};
		0D4AF25228FDA9C700605367 /* Menu Item Detail */ = {
			isa = PBXGroup;
			children = (
				0DBAECCA2901C5ED00849FC2 /* View */,
				0D4AF25528FDAA0800605367 /* Presentation */,
			);
			path = "Menu Item Detail";
			sourceTree = "<group>";
		};
		0D4AF25528FDAA0800605367 /* Presentation */ = {
			isa = PBXGroup;
			children = (
				0D4AF25328FDAA0300605367 /* MenuItemDetailViewModelTests.swift */,
			);
			path = Presentation;
			sourceTree = "<group>";
		};
		0D4AF25B28FDACB500605367 /* Menu Item Detail */ = {
			isa = PBXGroup;
			children = (
				0D4AF25C28FDACC500605367 /* View */,
				0D4AF26228FE9A9B00605367 /* Presentation */,
			);
			name = "Menu Item Detail";
			sourceTree = "<group>";
		};
		0D4AF25C28FDACC500605367 /* View */ = {
			isa = PBXGroup;
			children = (
				0D4AF25D28FDACE200605367 /* MenuItemDetail.swift */,
			);
			name = View;
			sourceTree = "<group>";
		};
		0D4AF26228FE9A9B00605367 /* Presentation */ = {
			isa = PBXGroup;
			children = (
				0D4AF26328FE9ACC00605367 /* MenuItemDetail+ViewModel.swift */,
			);
			path = Presentation;
			sourceTree = "<group>";
		};
		0D4AF26528FE9C2E00605367 /* Presentation */ = {
			isa = PBXGroup;
			children = (
				0D4AF26628FE9C6200605367 /* MenuRow+ViewModel.swift */,
				0D4AF26828FE9C9200605367 /* MenuList+ViewModel.swift */,
			);
			path = Presentation;
			sourceTree = "<group>";
		};
		0D4AF27028FEA9AF00605367 /* Order */ = {
			isa = PBXGroup;
			children = (
				0D4AF27128FEA9BF00605367 /* View */,
				0DC7C51828FF16A00072C5DB /* Presentation */,
			);
			name = Order;
			sourceTree = "<group>";
		};
		0D4AF27128FEA9BF00605367 /* View */ = {
			isa = PBXGroup;
			children = (
				0D4AF27228FEA9CD00605367 /* OrderButton.swift */,
			);
			name = View;
			sourceTree = "<group>";
		};
		0D4AF27428FEB22900605367 /* Order Detail */ = {
			isa = PBXGroup;
			children = (
				0D4AF27528FEB24000605367 /* View */,
				0DC7C50E28FEF5240072C5DB /* Presentation */,
			);
			name = "Order Detail";
			sourceTree = "<group>";
		};
		0D4AF27528FEB24000605367 /* View */ = {
			isa = PBXGroup;
			children = (
				0D4AF27628FEB25300605367 /* OrderDetail.swift */,
			);
			name = View;
			sourceTree = "<group>";
		};
		0D4AF27828FEB6FB00605367 /* Order */ = {
			isa = PBXGroup;
			children = (
				0D4AF27928FEB71300605367 /* Presentation */,
			);
			path = Order;
			sourceTree = "<group>";
		};
		0D4AF27928FEB71300605367 /* Presentation */ = {
			isa = PBXGroup;
			children = (
				0D4AF27A28FEB72800605367 /* OrderButtonViewModelTests.swift */,
			);
			path = Presentation;
			sourceTree = "<group>";
		};
		0D4AF27E28FEBF6200605367 /* Order Detail */ = {
			isa = PBXGroup;
			children = (
				0DBAECDA2901CDEC00849FC2 /* View */,
				0D4AF27F28FEBF9500605367 /* Presentation */,
			);
			path = "Order Detail";
			sourceTree = "<group>";
		};
		0D4AF27F28FEBF9500605367 /* Presentation */ = {
			isa = PBXGroup;
			children = (
				0D4AF28028FEBFAD00605367 /* OrderDetailViewModelTests.swift */,
			);
			path = Presentation;
			sourceTree = "<group>";
		};
		0DBAECB1290193A800849FC2 /* View */ = {
			isa = PBXGroup;
			children = (
				0DBAECB6290196E300849FC2 /* snapshots */,
				0DBAECB2290193D100849FC2 /* MenuListSnapshotTests.swift */,
			);
			path = View;
			sourceTree = "<group>";
		};
		0DBAECB6290196E300849FC2 /* snapshots */ = {
			isa = PBXGroup;
			children = (
				0DBAECBF2901AC7300849FC2 /* IMAGE_MENU_LIST_WITH_ITEMS_dark.png */,
				0DBAECBE2901AC7300849FC2 /* IMAGE_MENU_LIST_WITH_ITEMS_light.png */,
				0DBAECC02901AC7300849FC2 /* IMAGE_MENU_LIST_WITH_ITEMS_extraExtraExtraLarge.png */,
				0DBAECC42901C05600849FC2 /* IMAGE_MENU_LIST_WITH_CONNECTIVITY_ERROR_dark.png */,
				0DBAECC62901C05700849FC2 /* IMAGE_MENU_LIST_WITH_CONNECTIVITY_ERROR_light.png */,
				0DBAECC52901C05600849FC2 /* IMAGE_MENU_LIST_WITH_CONNECTIVITY_ERROR_extraExtraExtraLarge.png */,
			);
			path = snapshots;
			sourceTree = "<group>";
		};
		0DBAECCA2901C5ED00849FC2 /* View */ = {
			isa = PBXGroup;
			children = (
				0DBAECCD2901CB3E00849FC2 /* snapshots */,
				0DBAECCB2901C61A00849FC2 /* MenuItemDetailSnapshotTests.swift */,
			);
			path = View;
			sourceTree = "<group>";
		};
		0DBAECCD2901CB3E00849FC2 /* snapshots */ = {
			isa = PBXGroup;
			children = (
				0DBAECCE2901CB3E00849FC2 /* IMAGE_MENU_DETAIL_WITH_ITEM_dark.png */,
				0DBAECD32901CB3E00849FC2 /* IMAGE_MENU_DETAIL_WITH_ITEM_light.png */,
				0DBAECD22901CB3E00849FC2 /* IMAGE_MENU_DETAIL_WITH_ITEM_extraExtraExtraLarge.png */,
				0DBAECCF2901CB3E00849FC2 /* IMAGE_MENU_DETAIL_WITH_SPICY_ITEM_dark.png */,
				0DBAECD02901CB3E00849FC2 /* IMAGE_MENU_DETAIL_WITH_SPICY_ITEM_light.png */,
				0DBAECD12901CB3E00849FC2 /* IMAGE_MENU_DETAIL_WITH_SPICY_ITEM_extraExtraExtraLarge.png */,
			);
			path = snapshots;
			sourceTree = "<group>";
		};
		0DBAECDA2901CDEC00849FC2 /* View */ = {
			isa = PBXGroup;
			children = (
				0DBAECDD2901D04000849FC2 /* snapshots */,
				0DBAECDB2901CE2200849FC2 /* OrderDetailSnapshotTests.swift */,
			);
			path = View;
			sourceTree = "<group>";
		};
		0DBAECDD2901D04000849FC2 /* snapshots */ = {
			isa = PBXGroup;
			children = (
				0DBAECDF2901D04000849FC2 /* IMAGE_ORDER_DETAIL_WITH_NO_ITEMS_light.png */,
				0DBAECE02901D04000849FC2 /* IMAGE_ORDER_DETAIL_WITH_NO_ITEMS_dark.png */,
				0DBAECDE2901D04000849FC2 /* IMAGE_ORDER_DETAIL_WITH_NO_ITEMS_extraExtraExtraLarge.png */,
				0DBAECE52901D39C00849FC2 /* IMAGE_ORDER_DETAIL_WITH_ITEMS_dark.png */,
				0DBAECE62901D39C00849FC2 /* IMAGE_ORDER_DETAIL_WITH_ITEMS_light.png */,
				0DBAECE42901D39C00849FC2 /* IMAGE_ORDER_DETAIL_WITH_ITEMS_extraExtraExtraLarge.png */,
			);
			path = snapshots;
			sourceTree = "<group>";
		};
		0DC7C50E28FEF5240072C5DB /* Presentation */ = {
			isa = PBXGroup;
			children = (
				0DC7C50F28FEF5400072C5DB /* OrderDetail+ViewModel.swift */,
			);
			name = Presentation;
			sourceTree = "<group>";
		};
		0DC7C51128FEF8F20072C5DB /* Payment */ = {
			isa = PBXGroup;
			children = (
				0DC7C51228FEF9B40072C5DB /* PaymentProcessing.swift */,
				0DC7C51B28FF1B060072C5DB /* PaymentProcessingProxy.swift */,
				0DC7C51428FEFA760072C5DB /* HippoPaymentsProcessor+PaymentProcessing.swift */,
				0D46FCF829156B7B005FFA0D /* HippoAnalyticsClient+EventLogging.swift */,
			);
			name = Payment;
			sourceTree = "<group>";
		};
		0DC7C51828FF16A00072C5DB /* Presentation */ = {
			isa = PBXGroup;
			children = (
				0DC7C51928FF16B70072C5DB /* OrderButton+ViewModel.swift */,
			);
			name = Presentation;
			sourceTree = "<group>";
		};
		0DC7C54B29009D530072C5DB /* Resources */ = {
			isa = PBXGroup;
			children = (
				0DC7C53F28FF379C0072C5DB /* Alert+ViewModel.swift */,
				0DC7C54C29009E450072C5DB /* AlbertosButtonStyle.swift */,
			);
			name = Resources;
			sourceTree = "<group>";
		};
/* End PBXGroup section */

/* Begin PBXNativeTarget section */
		0D25FF8628F998C4001B7682 /* Albertos */ = {
			isa = PBXNativeTarget;
			buildConfigurationList = 0D25FFAB28F998C6001B7682 /* Build configuration list for PBXNativeTarget "Albertos" */;
			buildPhases = (
				0D25FF8328F998C4001B7682 /* Sources */,
				0D25FF8428F998C4001B7682 /* Frameworks */,
				0D25FF8528F998C4001B7682 /* Resources */,
				0D25FFB828F9998E001B7682 /* Embed Frameworks */,
			);
			buildRules = (
			);
			dependencies = (
			);
			name = Albertos;
			productName = Albertos;
			productReference = 0D25FF8728F998C4001B7682 /* Albertos.app */;
			productType = "com.apple.product-type.application";
		};
		0D25FF9628F998C6001B7682 /* AlbertosTests */ = {
			isa = PBXNativeTarget;
			buildConfigurationList = 0D25FFAE28F998C6001B7682 /* Build configuration list for PBXNativeTarget "AlbertosTests" */;
			buildPhases = (
				0D25FF9328F998C6001B7682 /* Sources */,
				0D25FF9428F998C6001B7682 /* Frameworks */,
				0D25FF9528F998C6001B7682 /* Resources */,
			);
			buildRules = (
			);
			dependencies = (
				0D25FF9928F998C6001B7682 /* PBXTargetDependency */,
			);
			name = AlbertosTests;
			packageProductDependencies = (
			);
			productName = AlbertosTests;
			productReference = 0D25FF9728F998C6001B7682 /* AlbertosTests.xctest */;
			productType = "com.apple.product-type.bundle.unit-test";
		};
		0D25FFA028F998C6001B7682 /* AlbertosUITests */ = {
			isa = PBXNativeTarget;
			buildConfigurationList = 0D25FFB128F998C6001B7682 /* Build configuration list for PBXNativeTarget "AlbertosUITests" */;
			buildPhases = (
				0D25FF9D28F998C6001B7682 /* Sources */,
				0D25FF9E28F998C6001B7682 /* Frameworks */,
				0D25FF9F28F998C6001B7682 /* Resources */,
			);
			buildRules = (
			);
			dependencies = (
				0D25FFA328F998C6001B7682 /* PBXTargetDependency */,
			);
			name = AlbertosUITests;
			productName = AlbertosUITests;
			productReference = 0D25FFA128F998C6001B7682 /* AlbertosUITests.xctest */;
			productType = "com.apple.product-type.bundle.ui-testing";
		};
/* End PBXNativeTarget section */

/* Begin PBXProject section */
		0D25FF7F28F998C4001B7682 /* Project object */ = {
			isa = PBXProject;
			attributes = {
				BuildIndependentTargetsInParallel = 1;
				LastSwiftUpdateCheck = 1400;
				LastUpgradeCheck = 1400;
				TargetAttributes = {
					0D25FF8628F998C4001B7682 = {
						CreatedOnToolsVersion = 14.0.1;
					};
					0D25FF9628F998C6001B7682 = {
						CreatedOnToolsVersion = 14.0.1;
						TestTargetID = 0D25FF8628F998C4001B7682;
					};
					0D25FFA028F998C6001B7682 = {
						CreatedOnToolsVersion = 14.0.1;
						TestTargetID = 0D25FF8628F998C4001B7682;
					};
				};
			};
			buildConfigurationList = 0D25FF8228F998C4001B7682 /* Build configuration list for PBXProject "Albertos" */;
			compatibilityVersion = "Xcode 14.0";
			developmentRegion = en;
			hasScannedForEncodings = 0;
			knownRegions = (
				en,
				Base,
			);
			mainGroup = 0D25FF7E28F998C4001B7682;
			packageReferences = (
			);
			productRefGroup = 0D25FF8828F998C4001B7682 /* Products */;
			projectDirPath = "";
			projectRoot = "";
			targets = (
				0D25FF8628F998C4001B7682 /* Albertos */,
				0D25FF9628F998C6001B7682 /* AlbertosTests */,
				0D25FFA028F998C6001B7682 /* AlbertosUITests */,
			);
		};
/* End PBXProject section */

/* Begin PBXResourcesBuildPhase section */
		0D25FF8528F998C4001B7682 /* Resources */ = {
			isa = PBXResourcesBuildPhase;
			buildActionMask = 2147483647;
			files = (
				0D25FF9228F998C6001B7682 /* Preview Assets.xcassets in Resources */,
				0D25FF8F28F998C6001B7682 /* Assets.xcassets in Resources */,
			);
			runOnlyForDeploymentPostprocessing = 0;
		};
		0D25FF9528F998C6001B7682 /* Resources */ = {
			isa = PBXResourcesBuildPhase;
			buildActionMask = 2147483647;
			files = (
				0DBAECD42901CB3F00849FC2 /* IMAGE_MENU_DETAIL_WITH_ITEM_dark.png in Resources */,
				0DBAECE82901D39C00849FC2 /* IMAGE_ORDER_DETAIL_WITH_ITEMS_dark.png in Resources */,
				0DBAECC82901C05700849FC2 /* IMAGE_MENU_LIST_WITH_CONNECTIVITY_ERROR_extraExtraExtraLarge.png in Resources */,
				0DBAECE92901D39C00849FC2 /* IMAGE_ORDER_DETAIL_WITH_ITEMS_light.png in Resources */,
				0DBAECD62901CB3F00849FC2 /* IMAGE_MENU_DETAIL_WITH_SPICY_ITEM_light.png in Resources */,
				0DBAECD82901CB3F00849FC2 /* IMAGE_MENU_DETAIL_WITH_ITEM_extraExtraExtraLarge.png in Resources */,
				0DBAECE12901D04100849FC2 /* IMAGE_ORDER_DETAIL_WITH_NO_ITEMS_extraExtraExtraLarge.png in Resources */,
				0DBAECC72901C05700849FC2 /* IMAGE_MENU_LIST_WITH_CONNECTIVITY_ERROR_dark.png in Resources */,
				0DBAECE22901D04100849FC2 /* IMAGE_ORDER_DETAIL_WITH_NO_ITEMS_light.png in Resources */,
				0DBAECC32901AC7300849FC2 /* IMAGE_MENU_LIST_WITH_ITEMS_extraExtraExtraLarge.png in Resources */,
				0DBAECE32901D04100849FC2 /* IMAGE_ORDER_DETAIL_WITH_NO_ITEMS_dark.png in Resources */,
				0DBAECC92901C05700849FC2 /* IMAGE_MENU_LIST_WITH_CONNECTIVITY_ERROR_light.png in Resources */,
				0DBAECD72901CB3F00849FC2 /* IMAGE_MENU_DETAIL_WITH_SPICY_ITEM_extraExtraExtraLarge.png in Resources */,
				0DBAECE72901D39C00849FC2 /* IMAGE_ORDER_DETAIL_WITH_ITEMS_extraExtraExtraLarge.png in Resources */,
				0DBAECC12901AC7300849FC2 /* IMAGE_MENU_LIST_WITH_ITEMS_light.png in Resources */,
				0DBAECD92901CB3F00849FC2 /* IMAGE_MENU_DETAIL_WITH_ITEM_light.png in Resources */,
				0DBAECC22901AC7300849FC2 /* IMAGE_MENU_LIST_WITH_ITEMS_dark.png in Resources */,
				0DBAECD52901CB3F00849FC2 /* IMAGE_MENU_DETAIL_WITH_SPICY_ITEM_dark.png in Resources */,
			);
			runOnlyForDeploymentPostprocessing = 0;
		};
		0D25FF9F28F998C6001B7682 /* Resources */ = {
			isa = PBXResourcesBuildPhase;
			buildActionMask = 2147483647;
			files = (
			);
			runOnlyForDeploymentPostprocessing = 0;
		};
/* End PBXResourcesBuildPhase section */

/* Begin PBXSourcesBuildPhase section */
		0D25FF8328F998C4001B7682 /* Sources */ = {
			isa = PBXSourcesBuildPhase;
			buildActionMask = 2147483647;
			files = (
				0DC7C51528FEFA760072C5DB /* HippoPaymentsProcessor+PaymentProcessing.swift in Sources */,
				0D4AF26428FE9ACC00605367 /* MenuItemDetail+ViewModel.swift in Sources */,
				0D4AF27728FEB25300605367 /* OrderDetail.swift in Sources */,
				0D4AF25E28FDACE200605367 /* MenuItemDetail.swift in Sources */,
				0D46FCF929156B7B005FFA0D /* HippoAnalyticsClient+EventLogging.swift in Sources */,
				0DC7C54028FF379C0072C5DB /* Alert+ViewModel.swift in Sources */,
				0DC7C51C28FF1B060072C5DB /* PaymentProcessingProxy.swift in Sources */,
				0D4AF23928FD9DDE00605367 /* DataModel.swift in Sources */,
				0DC7C51A28FF16B70072C5DB /* OrderButton+ViewModel.swift in Sources */,
				0DC7C51028FEF5400072C5DB /* OrderDetail+ViewModel.swift in Sources */,
				0D25FFC128F9B0BB001B7682 /* MenuRow.swift in Sources */,
				0D25FFBC28F99A36001B7682 /* MenuList.swift in Sources */,
				0DC7C51328FEF9B50072C5DB /* PaymentProcessing.swift in Sources */,
				0D25FFD028FA0713001B7682 /* MenuFetchingPlaceholder.swift in Sources */,
				0D4AF26728FE9C6200605367 /* MenuRow+ViewModel.swift in Sources */,
				0D25FF8B28F998C4001B7682 /* AlbertosApp.swift in Sources */,
				0D4AF27328FEA9CD00605367 /* OrderButton.swift in Sources */,
				0D4AF26928FE9C9200605367 /* MenuList+ViewModel.swift in Sources */,
				0DC7C54D29009E460072C5DB /* AlbertosButtonStyle.swift in Sources */,
			);
			runOnlyForDeploymentPostprocessing = 0;
		};
		0D25FF9328F998C6001B7682 /* Sources */ = {
			isa = PBXSourcesBuildPhase;
			buildActionMask = 2147483647;
			files = (
				0DBAECB3290193D100849FC2 /* MenuListSnapshotTests.swift in Sources */,
				0D4AF28128FEBFAD00605367 /* OrderDetailViewModelTests.swift in Sources */,
				0D4AF25128FDA9A800605367 /* Menu+Fixture.swift in Sources */,
				0DC7C54A290023AC0072C5DB /* OrderStoringFake.swift in Sources */,
				0DC7C54228FF3BB80072C5DB /* SharedHelpers.swift in Sources */,
				0D4AF24E28FDA9A800605367 /* MenuRowViewModelTests.swift in Sources */,
				0DBAECCC2901C61A00849FC2 /* MenuItemDetailSnapshotTests.swift in Sources */,
				0DBAECB52901960900849FC2 /* XCTestCase+Snapshot.swift in Sources */,
				0D4AF25428FDAA0300605367 /* MenuItemDetailViewModelTests.swift in Sources */,
				0DBAECB02901928E00849FC2 /* UIViewController+Snapshot.swift in Sources */,
				0D4AF27D28FEBC9800605367 /* XCTestCase+MemoryLeaksTracking.swift in Sources */,
				0DBAECDC2901CE2200849FC2 /* OrderDetailSnapshotTests.swift in Sources */,
				0D4AF27B28FEB72800605367 /* OrderButtonViewModelTests.swift in Sources */,
				0D4AF24F28FDA9A800605367 /* MenuListViewModelTests.swift in Sources */,
			);
			runOnlyForDeploymentPostprocessing = 0;
		};
		0D25FF9D28F998C6001B7682 /* Sources */ = {
			isa = PBXSourcesBuildPhase;
			buildActionMask = 2147483647;
			files = (
				0D25FFA828F998C6001B7682 /* AlbertosUITestsLaunchTests.swift in Sources */,
				0D25FFA628F998C6001B7682 /* AlbertosUITests.swift in Sources */,
			);
			runOnlyForDeploymentPostprocessing = 0;
		};
/* End PBXSourcesBuildPhase section */

/* Begin PBXTargetDependency section */
		0D25FF9928F998C6001B7682 /* PBXTargetDependency */ = {
			isa = PBXTargetDependency;
			target = 0D25FF8628F998C4001B7682 /* Albertos */;
			targetProxy = 0D25FF9828F998C6001B7682 /* PBXContainerItemProxy */;
		};
		0D25FFA328F998C6001B7682 /* PBXTargetDependency */ = {
			isa = PBXTargetDependency;
			target = 0D25FF8628F998C4001B7682 /* Albertos */;
			targetProxy = 0D25FFA228F998C6001B7682 /* PBXContainerItemProxy */;
		};
/* End PBXTargetDependency section */

/* Begin XCBuildConfiguration section */
		0D25FFA928F998C6001B7682 /* Debug */ = {
			isa = XCBuildConfiguration;
			buildSettings = {
				ALWAYS_SEARCH_USER_PATHS = NO;
				CLANG_ANALYZER_NONNULL = YES;
				CLANG_ANALYZER_NUMBER_OBJECT_CONVERSION = YES_AGGRESSIVE;
				CLANG_CXX_LANGUAGE_STANDARD = "gnu++20";
				CLANG_ENABLE_MODULES = YES;
				CLANG_ENABLE_OBJC_ARC = YES;
				CLANG_ENABLE_OBJC_WEAK = YES;
				CLANG_WARN_BLOCK_CAPTURE_AUTORELEASING = YES;
				CLANG_WARN_BOOL_CONVERSION = YES;
				CLANG_WARN_COMMA = YES;
				CLANG_WARN_CONSTANT_CONVERSION = YES;
				CLANG_WARN_DEPRECATED_OBJC_IMPLEMENTATIONS = YES;
				CLANG_WARN_DIRECT_OBJC_ISA_USAGE = YES_ERROR;
				CLANG_WARN_DOCUMENTATION_COMMENTS = YES;
				CLANG_WARN_EMPTY_BODY = YES;
				CLANG_WARN_ENUM_CONVERSION = YES;
				CLANG_WARN_INFINITE_RECURSION = YES;
				CLANG_WARN_INT_CONVERSION = YES;
				CLANG_WARN_NON_LITERAL_NULL_CONVERSION = YES;
				CLANG_WARN_OBJC_IMPLICIT_RETAIN_SELF = YES;
				CLANG_WARN_OBJC_LITERAL_CONVERSION = YES;
				CLANG_WARN_OBJC_ROOT_CLASS = YES_ERROR;
				CLANG_WARN_QUOTED_INCLUDE_IN_FRAMEWORK_HEADER = YES;
				CLANG_WARN_RANGE_LOOP_ANALYSIS = YES;
				CLANG_WARN_STRICT_PROTOTYPES = YES;
				CLANG_WARN_SUSPICIOUS_MOVE = YES;
				CLANG_WARN_UNGUARDED_AVAILABILITY = YES_AGGRESSIVE;
				CLANG_WARN_UNREACHABLE_CODE = YES;
				CLANG_WARN__DUPLICATE_METHOD_MATCH = YES;
				COPY_PHASE_STRIP = NO;
				DEBUG_INFORMATION_FORMAT = dwarf;
				ENABLE_STRICT_OBJC_MSGSEND = YES;
				ENABLE_TESTABILITY = YES;
				GCC_C_LANGUAGE_STANDARD = gnu11;
				GCC_DYNAMIC_NO_PIC = NO;
				GCC_NO_COMMON_BLOCKS = YES;
				GCC_OPTIMIZATION_LEVEL = 0;
				GCC_PREPROCESSOR_DEFINITIONS = (
					"DEBUG=1",
					"$(inherited)",
				);
				GCC_WARN_64_TO_32_BIT_CONVERSION = YES;
				GCC_WARN_ABOUT_RETURN_TYPE = YES_ERROR;
				GCC_WARN_UNDECLARED_SELECTOR = YES;
				GCC_WARN_UNINITIALIZED_AUTOS = YES_AGGRESSIVE;
				GCC_WARN_UNUSED_FUNCTION = YES;
				GCC_WARN_UNUSED_VARIABLE = YES;
				IPHONEOS_DEPLOYMENT_TARGET = 16.0;
				MTL_ENABLE_DEBUG_INFO = INCLUDE_SOURCE;
				MTL_FAST_MATH = YES;
				ONLY_ACTIVE_ARCH = YES;
				SDKROOT = iphoneos;
				SWIFT_ACTIVE_COMPILATION_CONDITIONS = DEBUG;
				SWIFT_OPTIMIZATION_LEVEL = "-Onone";
			};
			name = Debug;
		};
		0D25FFAA28F998C6001B7682 /* Release */ = {
			isa = XCBuildConfiguration;
			buildSettings = {
				ALWAYS_SEARCH_USER_PATHS = NO;
				CLANG_ANALYZER_NONNULL = YES;
				CLANG_ANALYZER_NUMBER_OBJECT_CONVERSION = YES_AGGRESSIVE;
				CLANG_CXX_LANGUAGE_STANDARD = "gnu++20";
				CLANG_ENABLE_MODULES = YES;
				CLANG_ENABLE_OBJC_ARC = YES;
				CLANG_ENABLE_OBJC_WEAK = YES;
				CLANG_WARN_BLOCK_CAPTURE_AUTORELEASING = YES;
				CLANG_WARN_BOOL_CONVERSION = YES;
				CLANG_WARN_COMMA = YES;
				CLANG_WARN_CONSTANT_CONVERSION = YES;
				CLANG_WARN_DEPRECATED_OBJC_IMPLEMENTATIONS = YES;
				CLANG_WARN_DIRECT_OBJC_ISA_USAGE = YES_ERROR;
				CLANG_WARN_DOCUMENTATION_COMMENTS = YES;
				CLANG_WARN_EMPTY_BODY = YES;
				CLANG_WARN_ENUM_CONVERSION = YES;
				CLANG_WARN_INFINITE_RECURSION = YES;
				CLANG_WARN_INT_CONVERSION = YES;
				CLANG_WARN_NON_LITERAL_NULL_CONVERSION = YES;
				CLANG_WARN_OBJC_IMPLICIT_RETAIN_SELF = YES;
				CLANG_WARN_OBJC_LITERAL_CONVERSION = YES;
				CLANG_WARN_OBJC_ROOT_CLASS = YES_ERROR;
				CLANG_WARN_QUOTED_INCLUDE_IN_FRAMEWORK_HEADER = YES;
				CLANG_WARN_RANGE_LOOP_ANALYSIS = YES;
				CLANG_WARN_STRICT_PROTOTYPES = YES;
				CLANG_WARN_SUSPICIOUS_MOVE = YES;
				CLANG_WARN_UNGUARDED_AVAILABILITY = YES_AGGRESSIVE;
				CLANG_WARN_UNREACHABLE_CODE = YES;
				CLANG_WARN__DUPLICATE_METHOD_MATCH = YES;
				COPY_PHASE_STRIP = NO;
				DEBUG_INFORMATION_FORMAT = "dwarf-with-dsym";
				ENABLE_NS_ASSERTIONS = NO;
				ENABLE_STRICT_OBJC_MSGSEND = YES;
				GCC_C_LANGUAGE_STANDARD = gnu11;
				GCC_NO_COMMON_BLOCKS = YES;
				GCC_WARN_64_TO_32_BIT_CONVERSION = YES;
				GCC_WARN_ABOUT_RETURN_TYPE = YES_ERROR;
				GCC_WARN_UNDECLARED_SELECTOR = YES;
				GCC_WARN_UNINITIALIZED_AUTOS = YES_AGGRESSIVE;
				GCC_WARN_UNUSED_FUNCTION = YES;
				GCC_WARN_UNUSED_VARIABLE = YES;
				IPHONEOS_DEPLOYMENT_TARGET = 16.0;
				MTL_ENABLE_DEBUG_INFO = NO;
				MTL_FAST_MATH = YES;
				SDKROOT = iphoneos;
				SWIFT_COMPILATION_MODE = wholemodule;
				SWIFT_OPTIMIZATION_LEVEL = "-O";
				VALIDATE_PRODUCT = YES;
			};
			name = Release;
		};
		0D25FFAC28F998C6001B7682 /* Debug */ = {
			isa = XCBuildConfiguration;
			buildSettings = {
				ASSETCATALOG_COMPILER_APPICON_NAME = AppIcon;
				ASSETCATALOG_COMPILER_GLOBAL_ACCENT_COLOR_NAME = AccentColor;
				CODE_SIGN_STYLE = Automatic;
				CURRENT_PROJECT_VERSION = 1;
				DEVELOPMENT_ASSET_PATHS = "\"Albertos/Preview Content\"";
				DEVELOPMENT_TEAM = RZ2BKVSB8Y;
				ENABLE_PREVIEWS = YES;
				GENERATE_INFOPLIST_FILE = YES;
				INFOPLIST_KEY_UIApplicationSceneManifest_Generation = YES;
				INFOPLIST_KEY_UIApplicationSupportsIndirectInputEvents = YES;
				INFOPLIST_KEY_UILaunchScreen_Generation = YES;
				INFOPLIST_KEY_UISupportedInterfaceOrientations_iPad = "UIInterfaceOrientationPortrait UIInterfaceOrientationPortraitUpsideDown UIInterfaceOrientationLandscapeLeft UIInterfaceOrientationLandscapeRight";
				INFOPLIST_KEY_UISupportedInterfaceOrientations_iPhone = "UIInterfaceOrientationPortrait UIInterfaceOrientationLandscapeLeft UIInterfaceOrientationLandscapeRight";
				LD_RUNPATH_SEARCH_PATHS = (
					"$(inherited)",
					"@executable_path/Frameworks",
				);
				MARKETING_VERSION = 1.0;
				PRODUCT_BUNDLE_IDENTIFIER = com.serrazes.Albertos;
				PRODUCT_NAME = "$(TARGET_NAME)";
				SWIFT_EMIT_LOC_STRINGS = YES;
				SWIFT_VERSION = 5.0;
				TARGETED_DEVICE_FAMILY = "1,2";
			};
			name = Debug;
		};
		0D25FFAD28F998C6001B7682 /* Release */ = {
			isa = XCBuildConfiguration;
			buildSettings = {
				ASSETCATALOG_COMPILER_APPICON_NAME = AppIcon;
				ASSETCATALOG_COMPILER_GLOBAL_ACCENT_COLOR_NAME = AccentColor;
				CODE_SIGN_STYLE = Automatic;
				CURRENT_PROJECT_VERSION = 1;
				DEVELOPMENT_ASSET_PATHS = "\"Albertos/Preview Content\"";
				DEVELOPMENT_TEAM = RZ2BKVSB8Y;
				ENABLE_PREVIEWS = YES;
				GENERATE_INFOPLIST_FILE = YES;
				INFOPLIST_KEY_UIApplicationSceneManifest_Generation = YES;
				INFOPLIST_KEY_UIApplicationSupportsIndirectInputEvents = YES;
				INFOPLIST_KEY_UILaunchScreen_Generation = YES;
				INFOPLIST_KEY_UISupportedInterfaceOrientations_iPad = "UIInterfaceOrientationPortrait UIInterfaceOrientationPortraitUpsideDown UIInterfaceOrientationLandscapeLeft UIInterfaceOrientationLandscapeRight";
				INFOPLIST_KEY_UISupportedInterfaceOrientations_iPhone = "UIInterfaceOrientationPortrait UIInterfaceOrientationLandscapeLeft UIInterfaceOrientationLandscapeRight";
				LD_RUNPATH_SEARCH_PATHS = (
					"$(inherited)",
					"@executable_path/Frameworks",
				);
				MARKETING_VERSION = 1.0;
				PRODUCT_BUNDLE_IDENTIFIER = com.serrazes.Albertos;
				PRODUCT_NAME = "$(TARGET_NAME)";
				SWIFT_EMIT_LOC_STRINGS = YES;
				SWIFT_VERSION = 5.0;
				TARGETED_DEVICE_FAMILY = "1,2";
			};
			name = Release;
		};
		0D25FFAF28F998C6001B7682 /* Debug */ = {
			isa = XCBuildConfiguration;
			buildSettings = {
				ALWAYS_EMBED_SWIFT_STANDARD_LIBRARIES = YES;
				BUNDLE_LOADER = "$(TEST_HOST)";
				CODE_SIGN_STYLE = Automatic;
				CURRENT_PROJECT_VERSION = 1;
				DEVELOPMENT_TEAM = RZ2BKVSB8Y;
				GENERATE_INFOPLIST_FILE = YES;
				IPHONEOS_DEPLOYMENT_TARGET = 16.0;
				MARKETING_VERSION = 1.0;
				PRODUCT_BUNDLE_IDENTIFIER = com.serrazes.AlbertosTests;
				PRODUCT_NAME = "$(TARGET_NAME)";
				SWIFT_EMIT_LOC_STRINGS = NO;
				SWIFT_VERSION = 5.0;
				TARGETED_DEVICE_FAMILY = "1,2";
				TEST_HOST = "$(BUILT_PRODUCTS_DIR)/Albertos.app/$(BUNDLE_EXECUTABLE_FOLDER_PATH)/Albertos";
			};
			name = Debug;
		};
		0D25FFB028F998C6001B7682 /* Release */ = {
			isa = XCBuildConfiguration;
			buildSettings = {
				ALWAYS_EMBED_SWIFT_STANDARD_LIBRARIES = YES;
				BUNDLE_LOADER = "$(TEST_HOST)";
				CODE_SIGN_STYLE = Automatic;
				CURRENT_PROJECT_VERSION = 1;
				DEVELOPMENT_TEAM = RZ2BKVSB8Y;
				GENERATE_INFOPLIST_FILE = YES;
				IPHONEOS_DEPLOYMENT_TARGET = 16.0;
				MARKETING_VERSION = 1.0;
				PRODUCT_BUNDLE_IDENTIFIER = com.serrazes.AlbertosTests;
				PRODUCT_NAME = "$(TARGET_NAME)";
				SWIFT_EMIT_LOC_STRINGS = NO;
				SWIFT_VERSION = 5.0;
				TARGETED_DEVICE_FAMILY = "1,2";
				TEST_HOST = "$(BUILT_PRODUCTS_DIR)/Albertos.app/$(BUNDLE_EXECUTABLE_FOLDER_PATH)/Albertos";
			};
			name = Release;
		};
		0D25FFB228F998C6001B7682 /* Debug */ = {
			isa = XCBuildConfiguration;
			buildSettings = {
				ALWAYS_EMBED_SWIFT_STANDARD_LIBRARIES = YES;
				CODE_SIGN_STYLE = Automatic;
				CURRENT_PROJECT_VERSION = 1;
				DEVELOPMENT_TEAM = RZ2BKVSB8Y;
				GENERATE_INFOPLIST_FILE = YES;
				MARKETING_VERSION = 1.0;
				PRODUCT_BUNDLE_IDENTIFIER = com.serrazes.AlbertosUITests;
				PRODUCT_NAME = "$(TARGET_NAME)";
				SWIFT_EMIT_LOC_STRINGS = NO;
				SWIFT_VERSION = 5.0;
				TARGETED_DEVICE_FAMILY = "1,2";
				TEST_TARGET_NAME = Albertos;
			};
			name = Debug;
		};
		0D25FFB328F998C6001B7682 /* Release */ = {
			isa = XCBuildConfiguration;
			buildSettings = {
				ALWAYS_EMBED_SWIFT_STANDARD_LIBRARIES = YES;
				CODE_SIGN_STYLE = Automatic;
				CURRENT_PROJECT_VERSION = 1;
				DEVELOPMENT_TEAM = RZ2BKVSB8Y;
				GENERATE_INFOPLIST_FILE = YES;
				MARKETING_VERSION = 1.0;
				PRODUCT_BUNDLE_IDENTIFIER = com.serrazes.AlbertosUITests;
				PRODUCT_NAME = "$(TARGET_NAME)";
				SWIFT_EMIT_LOC_STRINGS = NO;
				SWIFT_VERSION = 5.0;
				TARGETED_DEVICE_FAMILY = "1,2";
				TEST_TARGET_NAME = Albertos;
			};
			name = Release;
		};
/* End XCBuildConfiguration section */

/* Begin XCConfigurationList section */
		0D25FF8228F998C4001B7682 /* Build configuration list for PBXProject "Albertos" */ = {
			isa = XCConfigurationList;
			buildConfigurations = (
				0D25FFA928F998C6001B7682 /* Debug */,
				0D25FFAA28F998C6001B7682 /* Release */,
			);
			defaultConfigurationIsVisible = 0;
			defaultConfigurationName = Release;
		};
		0D25FFAB28F998C6001B7682 /* Build configuration list for PBXNativeTarget "Albertos" */ = {
			isa = XCConfigurationList;
			buildConfigurations = (
				0D25FFAC28F998C6001B7682 /* Debug */,
				0D25FFAD28F998C6001B7682 /* Release */,
			);
			defaultConfigurationIsVisible = 0;
			defaultConfigurationName = Release;
		};
		0D25FFAE28F998C6001B7682 /* Build configuration list for PBXNativeTarget "AlbertosTests" */ = {
			isa = XCConfigurationList;
			buildConfigurations = (
				0D25FFAF28F998C6001B7682 /* Debug */,
				0D25FFB028F998C6001B7682 /* Release */,
			);
			defaultConfigurationIsVisible = 0;
			defaultConfigurationName = Release;
		};
		0D25FFB128F998C6001B7682 /* Build configuration list for PBXNativeTarget "AlbertosUITests" */ = {
			isa = XCConfigurationList;
			buildConfigurations = (
				0D25FFB228F998C6001B7682 /* Debug */,
				0D25FFB328F998C6001B7682 /* Release */,
			);
			defaultConfigurationIsVisible = 0;
			defaultConfigurationName = Release;
		};
/* End XCConfigurationList section */
	};
	rootObject = 0D25FF7F28F998C4001B7682 /* Project object */;
}
